{
  "name": "org-comp-lib",
  "version": "0.0.1",
  "lockfileVersion": 2,
  "requires": true,
  "packages": {
    "": {
      "name": "org-comp-lib",
      "version": "0.0.1",
      "dependencies": {
        "tslib": "^2.3.0"
      },
      "peerDependencies": {
        "@angular/common": "^12.2.0",
        "@angular/core": "^12.2.0",
        "bootstrap": "^5.1.0",
        "ng-zorro-antd": "^12.0.1"
      }
    },
    "node_modules/@angular/animations": {
      "version": "12.2.16",
      "resolved": "https://registry.npmjs.org/@angular/animations/-/animations-12.2.16.tgz",
      "integrity": "sha512-Kf6C7Ta+fCMq5DvT9JNVhBkcECrqFa3wumiC6ssGo5sNaEzXz+tlep9ZgEbqfxSn7gAN7L1DgsbS9u0O6tbUkg==",
      "peer": true,
      "dependencies": {
        "tslib": "^2.2.0"
      },
      "engines": {
        "node": "^12.14.1 || >=14.0.0"
      },
      "peerDependencies": {
        "@angular/core": "12.2.16"
      }
    },
    "node_modules/@angular/cdk": {
      "version": "12.2.13",
      "resolved": "https://registry.npmjs.org/@angular/cdk/-/cdk-12.2.13.tgz",
      "integrity": "sha512-zSKRhECyFqhingIeyRInIyTvYErt4gWo+x5DQr0b7YLUbU8DZSwWnG4w76Ke2s4U8T7ry1jpJBHoX/e8YBpGMg==",
      "peer": true,
      "dependencies": {
        "tslib": "^2.2.0"
      },
      "optionalDependencies": {
        "parse5": "^5.0.0"
      },
      "peerDependencies": {
        "@angular/common": "^12.0.0 || ^13.0.0-0",
        "@angular/core": "^12.0.0 || ^13.0.0-0",
        "rxjs": "^6.5.3 || ^7.0.0"
      }
    },
    "node_modules/@angular/common": {
      "version": "12.2.16",
      "resolved": "https://registry.npmjs.org/@angular/common/-/common-12.2.16.tgz",
      "integrity": "sha512-FEqTXTEsnbDInqV1yFlm97Tz1OFqZS5t0TUkm8gzXRgpIce/F/jLwAg0u1VQkgOsno6cNm0xTWPoZgu85NI4ug==",
      "peer": true,
      "dependencies": {
        "tslib": "^2.2.0"
      },
      "engines": {
        "node": "^12.14.1 || >=14.0.0"
      },
      "peerDependencies": {
        "@angular/core": "12.2.16",
        "rxjs": "^6.5.3 || ^7.0.0"
      }
    },
    "node_modules/@angular/core": {
      "version": "12.2.16",
      "resolved": "https://registry.npmjs.org/@angular/core/-/core-12.2.16.tgz",
      "integrity": "sha512-jsmvaRdAfng99z2a9mAmkfcsCE1wm+tBYVDxnc5JquSXznwtncjzcoc2X0J0dzrkCDvzFfpTsZ9vehylytBc+A==",
      "peer": true,
      "dependencies": {
        "tslib": "^2.2.0"
      },
      "engines": {
        "node": "^12.14.1 || >=14.0.0"
      },
      "peerDependencies": {
        "rxjs": "^6.5.3 || ^7.0.0",
        "zone.js": "~0.11.4"
      }
    },
    "node_modules/@angular/forms": {
      "version": "12.2.16",
      "resolved": "https://registry.npmjs.org/@angular/forms/-/forms-12.2.16.tgz",
      "integrity": "sha512-sb+gpNun5aN7CZfHXS6X7vJcd/0A1P/gRBZpYtQTzBYnqEFCOFIvR62eb05aHQ4JhgKaSPpIXrbz/bAwY/njZw==",
      "peer": true,
      "dependencies": {
        "tslib": "^2.2.0"
      },
      "engines": {
        "node": "^12.14.1 || >=14.0.0"
      },
      "peerDependencies": {
        "@angular/common": "12.2.16",
        "@angular/core": "12.2.16",
        "@angular/platform-browser": "12.2.16",
        "rxjs": "^6.5.3 || ^7.0.0"
      }
    },
    "node_modules/@angular/platform-browser": {
      "version": "12.2.16",
      "resolved": "https://registry.npmjs.org/@angular/platform-browser/-/platform-browser-12.2.16.tgz",
      "integrity": "sha512-T855ppLeQO6hRHi7lGf5fwPoUVt+c0h2rgkV5jHElc3ylaGnhecmZc6fnWLX4pw82TMJUgUV88CY8JCFabJWwg==",
      "peer": true,
      "dependencies": {
        "tslib": "^2.2.0"
      },
      "engines": {
        "node": "^12.14.1 || >=14.0.0"
      },
      "peerDependencies": {
        "@angular/animations": "12.2.16",
        "@angular/common": "12.2.16",
        "@angular/core": "12.2.16"
      },
      "peerDependenciesMeta": {
        "@angular/animations": {
          "optional": true
        }
      }
    },
    "node_modules/@angular/router": {
      "version": "12.2.16",
      "resolved": "https://registry.npmjs.org/@angular/router/-/router-12.2.16.tgz",
      "integrity": "sha512-LuFXSMIvX/VrB4jbYhigG2Y2pGQ9ULsSBUwDWwQCf4kr0eVI37LBJ2Vr74GBEznjgQ0UmWE89E+XYI80UhERTw==",
      "peer": true,
      "dependencies": {
        "tslib": "^2.2.0"
      },
      "engines": {
        "node": "^12.14.1 || >=14.0.0"
      },
      "peerDependencies": {
        "@angular/common": "12.2.16",
        "@angular/core": "12.2.16",
        "@angular/platform-browser": "12.2.16",
        "rxjs": "^6.5.3 || ^7.0.0"
      }
    },
    "node_modules/@ant-design/colors": {
      "version": "5.1.1",
      "resolved": "https://registry.npmjs.org/@ant-design/colors/-/colors-5.1.1.tgz",
      "integrity": "sha512-Txy4KpHrp3q4XZdfgOBqLl+lkQIc3tEvHXOimRN1giX1AEC7mGtyrO9p8iRGJ3FLuVMGa2gNEzQyghVymLttKQ==",
      "peer": true,
      "dependencies": {
        "@ctrl/tinycolor": "^3.3.1"
      }
    },
    "node_modules/@ant-design/icons-angular": {
      "version": "12.0.3",
      "resolved": "https://registry.npmjs.org/@ant-design/icons-angular/-/icons-angular-12.0.3.tgz",
      "integrity": "sha512-Jl/O7fQiFGsFHuesOp7Oo/TKTPSlWAqMa2DBQdgQbNzv2c3v1ijQWd54ymDC6ftIHMsKD30nJ6bekCiqdbfZuA==",
      "peer": true,
      "dependencies": {
        "@ant-design/colors": "^5.0.0",
        "tslib": "^2.0.0"
      },
      "peerDependencies": {
        "@angular/common": "^12.0.3",
        "@angular/core": "^12.0.3",
        "@angular/platform-browser": "^12.0.3",
        "rxjs": "^6.4.0"
      }
    },
    "node_modules/@ctrl/tinycolor": {
      "version": "3.4.0",
      "resolved": "https://registry.npmjs.org/@ctrl/tinycolor/-/tinycolor-3.4.0.tgz",
      "integrity": "sha512-JZButFdZ1+/xAfpguQHoabIXkcqRRKpMrWKBkpEZZyxfY9C1DpADFB8PEqGSTeFr135SaTRfKqGKx5xSCLI7ZQ==",
      "peer": true,
      "engines": {
        "node": ">=10"
      }
    },
    "node_modules/@popperjs/core": {
      "version": "2.11.2",
      "resolved": "https://registry.npmjs.org/@popperjs/core/-/core-2.11.2.tgz",
      "integrity": "sha512-92FRmppjjqz29VMJ2dn+xdyXZBrMlE42AV6Kq6BwjWV7CNUW1hs2FtxSNLQE+gJhaZ6AAmYuO9y8dshhcBl7vA==",
      "peer": true,
      "funding": {
        "type": "opencollective",
        "url": "https://opencollective.com/popperjs"
      }
    },
    "node_modules/bootstrap": {
      "version": "5.1.3",
      "resolved": "https://registry.npmjs.org/bootstrap/-/bootstrap-5.1.3.tgz",
      "integrity": "sha512-fcQztozJ8jToQWXxVuEyXWW+dSo8AiXWKwiSSrKWsRB/Qt+Ewwza+JWoLKiTuQLaEPhdNAJ7+Dosc9DOIqNy7Q==",
      "peer": true,
      "funding": {
        "type": "opencollective",
        "url": "https://opencollective.com/bootstrap"
      },
      "peerDependencies": {
        "@popperjs/core": "^2.10.2"
      }
    },
    "node_modules/date-fns": {
      "version": "2.28.0",
      "resolved": "https://registry.npmjs.org/date-fns/-/date-fns-2.28.0.tgz",
      "integrity": "sha512-8d35hViGYx/QH0icHYCeLmsLmMUheMmTyV9Fcm6gvNwdw31yXXH+O85sOBJ+OLnLQMKZowvpKb6FgMIQjcpvQw==",
      "peer": true,
      "engines": {
        "node": ">=0.11"
      }
    },
    "node_modules/ng-zorro-antd": {
      "version": "12.1.1",
      "resolved": "https://registry.npmjs.org/ng-zorro-antd/-/ng-zorro-antd-12.1.1.tgz",
      "integrity": "sha512-5Pc8IZS7VCH+iJNumr84PjJY+tRcVQQ/2KihmABREXuFdYTARGPUDgZJt+v6MnMU1K926ym1sSx/cHfiRq2yiA==",
      "peer": true,
      "dependencies": {
        "@angular/cdk": "^12.1.0",
        "@ant-design/icons-angular": "^12.0.3",
        "date-fns": "^2.10.0",
        "tslib": "^2.2.0"
      },
      "peerDependencies": {
        "@angular/animations": "^12.1.0",
        "@angular/common": "^12.1.0",
        "@angular/core": "^12.1.0",
        "@angular/forms": "^12.1.0",
        "@angular/platform-browser": "^12.1.0",
        "@angular/router": "^12.1.0"
      }
    },
    "node_modules/parse5": {
      "version": "5.1.1",
      "resolved": "https://registry.npmjs.org/parse5/-/parse5-5.1.1.tgz",
      "integrity": "sha512-ugq4DFI0Ptb+WWjAdOK16+u/nHfiIrcE+sh8kZMaM0WllQKLI9rOUq6c2b7cwPkXdzfQESqvoqK6ug7U/Yyzug==",
      "optional": true,
      "peer": true
    },
    "node_modules/rxjs": {
      "version": "6.6.7",
      "resolved": "https://registry.npmjs.org/rxjs/-/rxjs-6.6.7.tgz",
      "integrity": "sha512-hTdwr+7yYNIT5n4AMYp85KA6yw2Va0FLa3Rguvbpa4W3I5xynaBZo41cM3XM+4Q6fRMj3sBYIR1VAmZMXYJvRQ==",
      "peer": true,
      "dependencies": {
        "tslib": "^1.9.0"
      },
      "engines": {
        "npm": ">=2.0.0"
      }
    },
    "node_modules/rxjs/node_modules/tslib": {
      "version": "1.14.1",
      "resolved": "https://registry.npmjs.org/tslib/-/tslib-1.14.1.tgz",
      "integrity": "sha512-Xni35NKzjgMrwevysHTCArtLDpPvye8zV/0E4EyYn43P7/7qvQwPh9BGkHewbMulVntbigmcT7rdX3BNo9wRJg==",
      "peer": true
    },
    "node_modules/tslib": {
      "version": "2.3.1",
      "resolved": "https://registry.npmjs.org/tslib/-/tslib-2.3.1.tgz",
      "integrity": "sha512-77EbyPPpMz+FRFRuAFlWMtmgUWGe9UOG2Z25NqCwiIjRhOf5iKGuzSe5P2w1laq+FkRy4p+PCuVkJSGkzTEKVw=="
    },
    "node_modules/zone.js": {
      "version": "0.11.4",
      "resolved": "https://registry.npmjs.org/zone.js/-/zone.js-0.11.4.tgz",
      "integrity": "sha512-DDh2Ab+A/B+9mJyajPjHFPWfYU1H+pdun4wnnk0OcQTNjem1XQSZ2CDW+rfZEUDjv5M19SBqAkjZi0x5wuB5Qw==",
      "peer": true,
      "dependencies": {
        "tslib": "^2.0.0"
      }
    }
  },
  "dependencies": {
    "@angular/animations": {
      "version": "12.2.16",
      "resolved": "https://registry.npmjs.org/@angular/animations/-/animations-12.2.16.tgz",
      "integrity": "sha512-Kf6C7Ta+fCMq5DvT9JNVhBkcECrqFa3wumiC6ssGo5sNaEzXz+tlep9ZgEbqfxSn7gAN7L1DgsbS9u0O6tbUkg==",
      "peer": true,
      "requires": {
        "tslib": "^2.2.0"
      }
    },
    "@angular/cdk": {
      "version": "12.2.13",
      "resolved": "https://registry.npmjs.org/@angular/cdk/-/cdk-12.2.13.tgz",
      "integrity": "sha512-zSKRhECyFqhingIeyRInIyTvYErt4gWo+x5DQr0b7YLUbU8DZSwWnG4w76Ke2s4U8T7ry1jpJBHoX/e8YBpGMg==",
      "peer": true,
      "requires": {
        "parse5": "^5.0.0",
        "tslib": "^2.2.0"
      }
    },
    "@angular/common": {
      "version": "12.2.16",
      "resolved": "https://registry.npmjs.org/@angular/common/-/common-12.2.16.tgz",
      "integrity": "sha512-FEqTXTEsnbDInqV1yFlm97Tz1OFqZS5t0TUkm8gzXRgpIce/F/jLwAg0u1VQkgOsno6cNm0xTWPoZgu85NI4ug==",
      "peer": true,
      "requires": {
        "tslib": "^2.2.0"
      }
    },
    "@angular/core": {
      "version": "12.2.16",
      "resolved": "https://registry.npmjs.org/@angular/core/-/core-12.2.16.tgz",
      "integrity": "sha512-jsmvaRdAfng99z2a9mAmkfcsCE1wm+tBYVDxnc5JquSXznwtncjzcoc2X0J0dzrkCDvzFfpTsZ9vehylytBc+A==",
      "peer": true,
      "requires": {
        "tslib": "^2.2.0"
      }
    },
    "@angular/forms": {
      "version": "12.2.16",
      "resolved": "https://registry.npmjs.org/@angular/forms/-/forms-12.2.16.tgz",
      "integrity": "sha512-sb+gpNun5aN7CZfHXS6X7vJcd/0A1P/gRBZpYtQTzBYnqEFCOFIvR62eb05aHQ4JhgKaSPpIXrbz/bAwY/njZw==",
      "peer": true,
      "requires": {
        "tslib": "^2.2.0"
      }
    },
    "@angular/platform-browser": {
      "version": "12.2.16",
      "resolved": "https://registry.npmjs.org/@angular/platform-browser/-/platform-browser-12.2.16.tgz",
      "integrity": "sha512-T855ppLeQO6hRHi7lGf5fwPoUVt+c0h2rgkV5jHElc3ylaGnhecmZc6fnWLX4pw82TMJUgUV88CY8JCFabJWwg==",
      "peer": true,
      "requires": {
        "tslib": "^2.2.0"
      }
    },
    "@angular/router": {
      "version": "12.2.16",
      "resolved": "https://registry.npmjs.org/@angular/router/-/router-12.2.16.tgz",
      "integrity": "sha512-LuFXSMIvX/VrB4jbYhigG2Y2pGQ9ULsSBUwDWwQCf4kr0eVI37LBJ2Vr74GBEznjgQ0UmWE89E+XYI80UhERTw==",
      "peer": true,
      "requires": {
        "tslib": "^2.2.0"
      }
    },
    "@ant-design/colors": {
      "version": "5.1.1",
      "resolved": "https://registry.npmjs.org/@ant-design/colors/-/colors-5.1.1.tgz",
      "integrity": "sha512-Txy4KpHrp3q4XZdfgOBqLl+lkQIc3tEvHXOimRN1giX1AEC7mGtyrO9p8iRGJ3FLuVMGa2gNEzQyghVymLttKQ==",
      "peer": true,
      "requires": {
        "@ctrl/tinycolor": "^3.3.1"
      }
    },
    "@ant-design/icons-angular": {
      "version": "12.0.3",
      "resolved": "https://registry.npmjs.org/@ant-design/icons-angular/-/icons-angular-12.0.3.tgz",
      "integrity": "sha512-Jl/O7fQiFGsFHuesOp7Oo/TKTPSlWAqMa2DBQdgQbNzv2c3v1ijQWd54ymDC6ftIHMsKD30nJ6bekCiqdbfZuA==",
      "peer": true,
      "requires": {
        "@ant-design/colors": "^5.0.0",
        "tslib": "^2.0.0"
      }
    },
    "@ctrl/tinycolor": {
      "version": "3.4.0",
      "resolved": "https://registry.npmjs.org/@ctrl/tinycolor/-/tinycolor-3.4.0.tgz",
      "integrity": "sha512-JZButFdZ1+/xAfpguQHoabIXkcqRRKpMrWKBkpEZZyxfY9C1DpADFB8PEqGSTeFr135SaTRfKqGKx5xSCLI7ZQ==",
      "peer": true
    },
    "@popperjs/core": {
      "version": "2.11.2",
      "resolved": "https://registry.npmjs.org/@popperjs/core/-/core-2.11.2.tgz",
      "integrity": "sha512-92FRmppjjqz29VMJ2dn+xdyXZBrMlE42AV6Kq6BwjWV7CNUW1hs2FtxSNLQE+gJhaZ6AAmYuO9y8dshhcBl7vA==",
      "peer": true
    },
    "bootstrap": {
      "version": "5.1.3",
      "resolved": "https://registry.npmjs.org/bootstrap/-/bootstrap-5.1.3.tgz",
      "integrity": "sha512-fcQztozJ8jToQWXxVuEyXWW+dSo8AiXWKwiSSrKWsRB/Qt+Ewwza+JWoLKiTuQLaEPhdNAJ7+Dosc9DOIqNy7Q==",
      "peer": true,
      "requires": {}
    },
    "date-fns": {
      "version": "2.28.0",
      "resolved": "https://registry.npmjs.org/date-fns/-/date-fns-2.28.0.tgz",
      "integrity": "sha512-8d35hViGYx/QH0icHYCeLmsLmMUheMmTyV9Fcm6gvNwdw31yXXH+O85sOBJ+OLnLQMKZowvpKb6FgMIQjcpvQw==",
      "peer": true
    },
    "ng-zorro-antd": {
      "version": "12.1.1",
      "resolved": "https://registry.npmjs.org/ng-zorro-antd/-/ng-zorro-antd-12.1.1.tgz",
      "integrity": "sha512-5Pc8IZS7VCH+iJNumr84PjJY+tRcVQQ/2KihmABREXuFdYTARGPUDgZJt+v6MnMU1K926ym1sSx/cHfiRq2yiA==",
      "peer": true,
      "requires": {
        "@angular/cdk": "^12.1.0",
        "@ant-design/icons-angular": "^12.0.3",
        "date-fns": "^2.10.0",
        "tslib": "^2.2.0"
      }
    },
    "parse5": {
      "version": "5.1.1",
      "resolved": "https://registry.npmjs.org/parse5/-/parse5-5.1.1.tgz",
      "integrity": "sha512-ugq4DFI0Ptb+WWjAdOK16+u/nHfiIrcE+sh8kZMaM0WllQKLI9rOUq6c2b7cwPkXdzfQESqvoqK6ug7U/Yyzug==",
      "optional": true,
      "peer": true
    },
    "rxjs": {
      "version": "6.6.7",
      "resolved": "https://registry.npmjs.org/rxjs/-/rxjs-6.6.7.tgz",
      "integrity": "sha512-hTdwr+7yYNIT5n4AMYp85KA6yw2Va0FLa3Rguvbpa4W3I5xynaBZo41cM3XM+4Q6fRMj3sBYIR1VAmZMXYJvRQ==",
      "peer": true,
      "requires": {
        "tslib": "^1.9.0"
      },
      "dependencies": {
        "tslib": {
          "version": "1.14.1",
          "resolved": "https://registry.npmjs.org/tslib/-/tslib-1.14.1.tgz",
          "integrity": "sha512-Xni35NKzjgMrwevysHTCArtLDpPvye8zV/0E4EyYn43P7/7qvQwPh9BGkHewbMulVntbigmcT7rdX3BNo9wRJg==",
          "peer": true
        }
      }
    },
    "tslib": {
      "version": "2.3.1",
      "resolved": "https://registry.npmjs.org/tslib/-/tslib-2.3.1.tgz",
      "integrity": "sha512-77EbyPPpMz+FRFRuAFlWMtmgUWGe9UOG2Z25NqCwiIjRhOf5iKGuzSe5P2w1laq+FkRy4p+PCuVkJSGkzTEKVw=="
    },
    "zone.js": {
      "version": "0.11.4",
      "resolved": "https://registry.npmjs.org/zone.js/-/zone.js-0.11.4.tgz",
      "integrity": "sha512-DDh2Ab+A/B+9mJyajPjHFPWfYU1H+pdun4wnnk0OcQTNjem1XQSZ2CDW+rfZEUDjv5M19SBqAkjZi0x5wuB5Qw==",
      "peer": true,
      "requires": {
        "tslib": "^2.0.0"
      }
    }
  }
}
